
Microsoft Visual Studio Solution File, Format Version 12.00
# Visual Studio 14
VisualStudioVersion = 14.0.25420.1
MinimumVisualStudioVersion = 10.0.40219.1
Project("{FAE04EC0-301F-11D3-BF4B-00C04F79EFBC}") = "AntWork", "AntWork\AntWork.csproj", "{0462C5BD-B16E-468C-868D-D0226902A87B}"
EndProject
Project("{FAE04EC0-301F-11D3-BF4B-00C04F79EFBC}") = "AntWork.Tests", "AntWork.Tests\AntWork.Tests.csproj", "{541A26DF-8267-4412-AAB1-8B1FCA3EA818}"
EndProject
Global
	GlobalSection(SolutionConfigurationPlatforms) = preSolution
		Debug|Any CPU = Debug|Any CPU
		Release|Any CPU = Release|Any CPU
	EndGlobalSection
	GlobalSection(ProjectConfigurationPlatforms) = postSolution
		{0462C5BD-B16E-468C-868D-D0226902A87B}.Debug|Any CPU.ActiveCfg = Debug|Any CPU
		{0462C5BD-B16E-468C-868D-D0226902A87B}.Debug|Any CPU.Build.0 = Debug|Any CPU
		{0462C5BD-B16E-468C-868D-D0226902A87B}.Release|Any CPU.ActiveCfg = Release|Any CPU
		{0462C5BD-B16E-468C-868D-D0226902A87B}.Release|Any CPU.Build.0 = Release|Any CPU
		{541A26DF-8267-4412-AAB1-8B1FCA3EA818}.Debug|Any CPU.ActiveCfg = Debug|Any CPU
		{541A26DF-8267-4412-AAB1-8B1FCA3EA818}.Debug|Any CPU.Build.0 = Debug|Any CPU
		{541A26DF-8267-4412-AAB1-8B1FCA3EA818}.Release|Any CPU.ActiveCfg = Release|Any CPU
		{541A26DF-8267-4412-AAB1-8B1FCA3EA818}.Release|Any CPU.Build.0 = Release|Any CPU
	EndGlobalSection
	GlobalSection(SolutionProperties) = preSolution
		HideSolutionNode = FALSE
	EndGlobalSection
EndGlobal
